PODS:
  - Alamofire (4.9.1)
  - ESPullToRefresh (2.9.2)
  - SDWebImage (5.5.2):
    - SDWebImage/Core (= 5.5.2)
  - SDWebImage/Core (5.5.2)
  - SVProgressHUD (2.2.5)

DEPENDENCIES:
  - Alamofire (~> 4.9.1)
  - ESPullToRefresh
  - SDWebImage
  - SVProgressHUD

SPEC REPOS:
  trunk:
    - Alamofire
    - ESPullToRefresh
    - SDWebImage
    - SVProgressHUD

SPEC CHECKSUMS:
  Alamofire: 85e8a02c69d6020a0d734f6054870d7ecb75cf18
  ESPullToRefresh: efed00d52597065e9a84e1e52fa444fdb1a1dee0
  SDWebImage: 4d5c027c935438f341ed33dbac53ff9f479922ca
  SVProgressHUD: 1428aafac632c1f86f62aa4243ec12008d7a51d6

PODFILE CHECKSUM: 2343fb484193894e7912720690c52674e347c522

COCOAPODS: 1.8.4
